# THIS IS AN AUTOGENERATED FILE. DO NOT EDIT THIS FILE DIRECTLY.
# yarn lockfile v1


"@chevrotain/cst-dts-gen@10.5.0":
  version "10.5.0"
  resolved "https://registry.yarnpkg.com/@chevrotain/cst-dts-gen/-/cst-dts-gen-10.5.0.tgz#922ebd8cc59d97241bb01b1b17561a5c1ae0124e"
  integrity sha512-lhmC/FyqQ2o7pGK4Om+hzuDrm9rhFYIJ/AXoQBeongmn870Xeb0L6oGEiuR8nohFNL5sMaQEJWCxr1oIVIVXrw==
  dependencies:
    "@chevrotain/gast" "10.5.0"
    "@chevrotain/types" "10.5.0"
    lodash "4.17.21"

"@chevrotain/gast@10.5.0":
  version "10.5.0"
  resolved "https://registry.yarnpkg.com/@chevrotain/gast/-/gast-10.5.0.tgz#e4e614bc46d17a8892742f38e56cd33f1f3ad162"
  integrity sha512-pXdMJ9XeDAbgOWKuD1Fldz4ieCs6+nLNmyVhe2gZVqoO7v8HXuHYs5OV2EzUtbuai37TlOAQHrTDvxMnvMJz3A==
  dependencies:
    "@chevrotain/types" "10.5.0"
    lodash "4.17.21"

"@chevrotain/types@10.5.0":
  version "10.5.0"
  resolved "https://registry.yarnpkg.com/@chevrotain/types/-/types-10.5.0.tgz#52a97d74a8cfbc197f054636d93ecd8912d33d21"
  integrity sha512-f1MAia0x/pAVPWH/T73BJVyO2XU5tI4/iE7cnxb7tqdNTNhQI3Uq3XkqcoteTmD4t1aM0LbHCJOhgIDn07kl2A==

"@chevrotain/utils@10.5.0":
  version "10.5.0"
  resolved "https://registry.yarnpkg.com/@chevrotain/utils/-/utils-10.5.0.tgz#0ee36f65b49b447fbac71b9e5af5c5c6c98ac057"
  integrity sha512-hBzuU5+JjB2cqNZyszkDHZgOSrUUT8V3dhgRl8Q9Gp6dAj/H5+KILGjbhDpc3Iy9qmqlm/akuOI2ut9VUtzJxQ==

"@react-three/postprocessing@^2.15.0":
  version "2.15.0"
  resolved "https://registry.yarnpkg.com/@react-three/postprocessing/-/postprocessing-2.15.0.tgz#9bea5aec5492d04e6d27fbdeaa6a2ce8cea0e10e"
  integrity sha512-kldXieRcn8tB3bIVwRAFa1ojG11tkuMLAFYOra32E7y9n1nhVU4FKx+GxmblHSiRWpvGnEje/kYxDKTPjKj4eA==
  dependencies:
    maath "^0.6.0"
    n8ao "^1.6.6"
    postprocessing "^6.32.1"
    three-stdlib "^2.23.4"

"@tweenjs/tween.js@~18.6.4":
  version "18.6.4"
  resolved "https://registry.yarnpkg.com/@tweenjs/tween.js/-/tween.js-18.6.4.tgz#40a3d0a93647124872dec8e0fd1bd5926695b6ca"
  integrity sha512-lB9lMjuqjtuJrx7/kOkqQBtllspPIN+96OvTCeJ2j5FEzinoAXTdAMFnDAQT1KVPRlnYfBrqxtqP66vDM40xxQ==

"@types/draco3d@^1.4.0":
  version "1.4.2"
  resolved "https://registry.yarnpkg.com/@types/draco3d/-/draco3d-1.4.2.tgz#7faccb809db2a5e19b9efb97c5f2eb9d64d527ea"
  integrity sha512-goh23EGr6CLV6aKPwN1p8kBD/7tT5V/bLpToSbarKrwVejqNrspVrv8DhliteYkkhZYrlq/fwKZRRUzH4XN88w==

"@types/offscreencanvas@^2019.6.4":
  version "2019.7.0"
  resolved "https://registry.yarnpkg.com/@types/offscreencanvas/-/offscreencanvas-2019.7.0.tgz#e4a932069db47bb3eabeb0b305502d01586fa90d"
  integrity sha512-PGcyveRIpL1XIqK8eBsmRBt76eFgtzuPiSTyKHZxnGemp2yzGzWpjYKAfK3wIMiU7eH+851yEpiuP8JZerTmWg==

"@types/stats.js@*":
  version "0.17.0"
  resolved "https://registry.yarnpkg.com/@types/stats.js/-/stats.js-0.17.0.tgz#0ed81d48e03b590c24da85540c1d952077a9fe20"
  integrity sha512-9w+a7bR8PeB0dCT/HBULU2fMqf6BAzvKbxFboYhmDtDkKPiyXYbjoe2auwsXlEFI7CFNMF1dCv3dFH5Poy9R1w==

"@types/three@^0.154.0":
  version "0.154.0"
  resolved "https://registry.yarnpkg.com/@types/three/-/three-0.154.0.tgz#91f4384930ed050a14d7f13c09d5785cc167a064"
  integrity sha512-IioqpGhch6FdLDh4zazRn3rXHj6Vn2nVOziJdXVbJFi9CaI65LtP9qqUtpzbsHK2Ezlox8NtsLNHSw3AQzucjA==
  dependencies:
    "@tweenjs/tween.js" "~18.6.4"
    "@types/stats.js" "*"
    "@types/webxr" "*"
    fflate "~0.6.9"
    lil-gui "~0.17.0"
    meshoptimizer "~0.18.1"

"@types/webxr@*", "@types/webxr@^0.5.2":
  version "0.5.2"
  resolved "https://registry.yarnpkg.com/@types/webxr/-/webxr-0.5.2.tgz#5d9627b0ffe223aa3b166de7112ac8a9460dc54f"
  integrity sha512-szL74BnIcok9m7QwYtVmQ+EdIKwbjPANudfuvDrAF8Cljg9MKUlIoc1w5tjj9PMpeSH3U1Xnx//czQybJ0EfSw==

chevrotain@^10.1.2:
  version "10.5.0"
  resolved "https://registry.yarnpkg.com/chevrotain/-/chevrotain-10.5.0.tgz#9c1dc62ef0753bb562dbe521b5f72d041bad624e"
  integrity sha512-Pkv5rBY3+CsHOYfV5g/Vs5JY9WTHHDEKOlohI2XeygaZhUeqhAlldZ8Hz9cRmxu709bvS08YzxHdTPHhffc13A==
  dependencies:
    "@chevrotain/cst-dts-gen" "10.5.0"
    "@chevrotain/gast" "10.5.0"
    "@chevrotain/types" "10.5.0"
    "@chevrotain/utils" "10.5.0"
    lodash "4.17.21"
    regexp-to-ast "0.5.0"

draco3d@^1.4.1:
  version "1.5.6"
  resolved "https://registry.yarnpkg.com/draco3d/-/draco3d-1.5.6.tgz#0d570a9792e3a3a9fafbfea065b692940441c626"
  integrity sha512-+3NaRjWktb5r61ZFoDejlykPEFKT5N/LkbXsaddlw6xNSXBanUYpFc2AXXpbJDilPHazcSreU/DpQIaxfX0NfQ==

fflate@^0.6.9, fflate@~0.6.9:
  version "0.6.10"
  resolved "https://registry.yarnpkg.com/fflate/-/fflate-0.6.10.tgz#5f40f9659205936a2d18abf88b2e7781662b6d43"
  integrity sha512-IQrh3lEPM93wVCEczc9SaAOvkmcoQn/G8Bo1e8ZPlY3X3bnAxWaBdvTdvM1hP62iZp0BXWDy4vTAy4fF0+Dlpg==

ktx-parse@^0.4.5:
  version "0.4.5"
  resolved "https://registry.yarnpkg.com/ktx-parse/-/ktx-parse-0.4.5.tgz#79905e22281a9d3e602b2ff522df1ee7d1813aa6"
  integrity sha512-MK3FOody4TXbFf8Yqv7EBbySw7aPvEcPX++Ipt6Sox+/YMFvR5xaTyhfNSk1AEmMy+RYIw81ctN4IMxCB8OAlg==

lil-gui@~0.17.0:
  version "0.17.0"
  resolved "https://registry.yarnpkg.com/lil-gui/-/lil-gui-0.17.0.tgz#b41ae55d0023fcd9185f7395a218db0f58189663"
  integrity sha512-MVBHmgY+uEbmJNApAaPbtvNh1RCAeMnKym82SBjtp5rODTYKWtM+MXHCifLe2H2Ti1HuBGBtK/5SyG4ShQ3pUQ==

lodash@4.17.21:
  version "4.17.21"
  resolved "https://registry.yarnpkg.com/lodash/-/lodash-4.17.21.tgz#679591c564c3bffaae8454cf0b3df370c3d6911c"
  integrity sha512-v2kDEe57lecTulaDIuNTPy3Ry4gLGJ6Z1O3vE1krgXZNrsQ+LFTGHVxVjcXPs17LhbZVGedAJv8XZ1tvj5FvSg==

maath@^0.6.0:
  version "0.6.0"
  resolved "https://registry.yarnpkg.com/maath/-/maath-0.6.0.tgz#7841d0fb95bbb37d19b08b7c5458ef70190950d2"
  integrity sha512-dSb2xQuP7vDnaYqfoKzlApeRcR2xtN8/f7WV/TMAkBC8552TwTLtOO0JTcSygkYMjNDPoo6V01jTw/aPi4JrMw==

meshoptimizer@~0.18.1:
  version "0.18.1"
  resolved "https://registry.yarnpkg.com/meshoptimizer/-/meshoptimizer-0.18.1.tgz#cdb90907f30a7b5b1190facd3b7ee6b7087797d8"
  integrity sha512-ZhoIoL7TNV4s5B6+rx5mC//fw8/POGyNxS/DZyCJeiZ12ScLfVwRE/GfsxwiTkMYYD5DmK2/JXnEVXqL4rF+Sw==

mmd-parser@^1.0.4:
  version "1.0.4"
  resolved "https://registry.yarnpkg.com/mmd-parser/-/mmd-parser-1.0.4.tgz#87cc05782cb5974ca854f0303fc5147bc9d690e7"
  integrity sha512-Qi0VCU46t2IwfGv5KF0+D/t9cizcDug7qnNoy9Ggk7aucp0tssV8IwTMkBlDbm+VqAf3cdQHTCARKSsuS2MYFg==

n8ao@^1.6.6:
  version "1.6.7"
  resolved "https://registry.yarnpkg.com/n8ao/-/n8ao-1.6.7.tgz#30acb099fab8384101973009c9f3ffcb102cf320"
  integrity sha512-D2Hu+cRSLEjz93bWDhQ5lvRxA/S3QciE+eLGEgiEwyYrxV2gTgT8XsSya9FOO2BdpgiqeduJpfZnUS9X/QVtCQ==

opentype.js@^1.3.3:
  version "1.3.4"
  resolved "https://registry.yarnpkg.com/opentype.js/-/opentype.js-1.3.4.tgz#1c0e72e46288473cc4a4c6a2dc60fd7fe6020d77"
  integrity sha512-d2JE9RP/6uagpQAVtJoF0pJJA/fgai89Cc50Yp0EJHk+eLp6QQ7gBoblsnubRULNY132I0J1QKMJ+JTbMqz4sw==
  dependencies:
    string.prototype.codepointat "^0.2.1"
    tiny-inflate "^1.0.3"

postprocessing@^6.32.1:
  version "6.32.2"
  resolved "https://registry.yarnpkg.com/postprocessing/-/postprocessing-6.32.2.tgz#4b6fe0c821e448986c566379df6c3ecd163995a7"
  integrity sha512-BpjIHeElXRmkcqO6p8Pi6W1uDcivQa2FVQ/Swnoo32Cg5bq/bb0mh9hXSHeCkIBD0W4D2KU8Fg7jBICztcN9iQ==

potpack@^1.0.1:
  version "1.0.2"
  resolved "https://registry.yarnpkg.com/potpack/-/potpack-1.0.2.tgz#23b99e64eb74f5741ffe7656b5b5c4ddce8dfc14"
  integrity sha512-choctRBIV9EMT9WGAZHn3V7t0Z2pMQyl0EZE6pFc/6ml3ssw7Dlf/oAOvFwjm1HVsqfQN8GfeFyJ+d8tRzqueQ==

regexp-to-ast@0.5.0:
  version "0.5.0"
  resolved "https://registry.yarnpkg.com/regexp-to-ast/-/regexp-to-ast-0.5.0.tgz#56c73856bee5e1fef7f73a00f1473452ab712a24"
  integrity sha512-tlbJqcMHnPKI9zSrystikWKwHkBqu2a/Sgw01h3zFjvYrMxEDYHzzoMZnUrbIfpTFEsoRnnviOXNCzFiSc54Qw==

string.prototype.codepointat@^0.2.1:
  version "0.2.1"
  resolved "https://registry.yarnpkg.com/string.prototype.codepointat/-/string.prototype.codepointat-0.2.1.tgz#004ad44c8afc727527b108cd462b4d971cd469bc"
  integrity sha512-2cBVCj6I4IOvEnjgO/hWqXjqBGsY+zwPmHl12Srk9IXSZ56Jwwmy+66XO5Iut/oQVR7t5ihYdLB0GMa4alEUcg==

three-stdlib@^2.23.4:
  version "2.23.13"
  resolved "https://registry.yarnpkg.com/three-stdlib/-/three-stdlib-2.23.13.tgz#2647b9b6b93e9a257efb6d14c1b9af7a0f938439"
  integrity sha512-WU4XHs4E6szAyoREzTs5bUAc1WFadiz5jRjNlA7aIIqf+raT4jfA320P0XmlyZz/wJwmpZnOuki4kAFsmadkTQ==
  dependencies:
    "@types/draco3d" "^1.4.0"
    "@types/offscreencanvas" "^2019.6.4"
    "@types/webxr" "^0.5.2"
    chevrotain "^10.1.2"
    draco3d "^1.4.1"
    fflate "^0.6.9"
    ktx-parse "^0.4.5"
    mmd-parser "^1.0.4"
    opentype.js "^1.3.3"
    potpack "^1.0.1"
    zstddec "^0.0.2"

three@^0.154.0:
  version "0.154.0"
  resolved "https://registry.yarnpkg.com/three/-/three-0.154.0.tgz#dbef21e10fe6015ec283acc60d0eb58733991e27"
  integrity sha512-Uzz8C/5GesJzv8i+Y2prEMYUwodwZySPcNhuJUdsVMH2Yn4Nm8qlbQe6qRN5fOhg55XB0WiLfTPBxVHxpE60ug==

tiny-inflate@^1.0.3:
  version "1.0.3"
  resolved "https://registry.yarnpkg.com/tiny-inflate/-/tiny-inflate-1.0.3.tgz#122715494913a1805166aaf7c93467933eea26c4"
  integrity sha512-pkY1fj1cKHb2seWDy0B16HeWyczlJA9/WW3u3c4z/NiWDsO3DOU5D7nhTLE9CF0yXv/QZFY7sEJmj24dK+Rrqw==

typescript@^5.1.6:
  version "5.1.6"
  resolved "https://registry.yarnpkg.com/typescript/-/typescript-5.1.6.tgz#02f8ac202b6dad2c0dd5e0913745b47a37998274"
  integrity sha512-zaWCozRZ6DLEWAWFrVDz1H6FVXzUSfTy5FUMWsQlU8Ym5JP9eO4xkTIROFCQvhQf61z6O/G6ugw3SgAnvvm+HA==

zstddec@^0.0.2:
  version "0.0.2"
  resolved "https://registry.yarnpkg.com/zstddec/-/zstddec-0.0.2.tgz#57e2f28dd1ff56b750e07d158a43f0611ad9eeb4"
  integrity sha512-DCo0oxvcvOTGP/f5FA6tz2Z6wF+FIcEApSTu0zV5sQgn9hoT5lZ9YRAKUraxt9oP7l4e8TnNdi8IZTCX6WCkwA==
